<?xml version="1.0" encoding="UTF-8" standalone="yes" ?>
<CodeBlocks_project_file>
	<FileVersion major="1" minor="6" />
	<Project>
		<Option title="Tetris_exhausted" />
		<Option pch_mode="2" />
		<Option compiler="gcc" />
		<Build>
			<Target title="Debug">
				<Option output="bin/Debug/Tetris_exhausted" prefix_auto="1" extension_auto="1" />
				<Option object_output="obj/Debug/" />
				<Option type="1" />
				<Option compiler="gcc" />
				<Compiler>
					<Add option="-g" />
				</Compiler>
			</Target>
			<Target title="Release">
				<Option output="bin/Release/Tetris_exhausted" prefix_auto="1" extension_auto="1" />
				<Option object_output="obj/Release/" />
				<Option type="1" />
				<Option compiler="gcc" />
				<Compiler>
					<Add option="-O2" />
				</Compiler>
				<Linker>
					<Add option="-s" />
				</Linker>
			</Target>
		</Build>
		<Compiler>
			<Add option="-Wall" />
			<Add directory="C:/Users/khuatduchoa/Documents/SDL/SDL2-2.26.3/x86_64-w64-mingw32/include/SDL2" />
		</Compiler>
		<Linker>
			<Add option="-lmingw32 -lSDL2main -lSDL2 -lSDL2_image -lSDL2_mixer -lSDL2_ttf" />
			<Add directory="C:/Users/khuatduchoa/Documents/SDL/SDL2-2.26.3/x86_64-w64-mingw32/lib" />
		</Linker>
		<Unit filename="../../Documents/SDL/SDL2-2.26.3/x86_64-w64-mingw32/bin/SDL2.dll" />
		<Unit filename="../../Documents/SDL/SDL2-2.26.3/x86_64-w64-mingw32/bin/SDL2_image.dll" />
		<Unit filename="../../Documents/SDL/SDL2-2.26.3/x86_64-w64-mingw32/bin/SDL2_mixer.dll" />
		<Unit filename="../../Documents/SDL/SDL2-2.26.3/x86_64-w64-mingw32/bin/SDL2_ttf.dll" />
		<Unit filename="../../Documents/SDL/SDL2-2.26.3/x86_64-w64-mingw32/bin/sdl2-config" />
		<Unit filename="Texture.cpp" />
		<Unit filename="Texture.h" />
		<Unit filename="main.cpp" />
		<Extensions>
			<lib_finder disable_auto="1" />
		</Extensions>
	</Project>
</CodeBlocks_project_file>
